
Microsoft Visual Studio Solution File, Format Version 12.00
# Visual Studio 15
VisualStudioVersion = 15.0.28307.136
MinimumVisualStudioVersion = 10.0.40219.1
Project("{FAE04EC0-301F-11D3-BF4B-00C04F79EFBC}") = "DataTypes", "DataTypes\DataTypes.csproj", "{EBDDFA0F-9569-4D97-9729-B274197FDD70}"
EndProject
Global
	GlobalSection(SolutionConfigurationPlatforms) = preSolution
		Debug|Any CPU = Debug|Any CPU
		Release|Any CPU = Release|Any CPU
	EndGlobalSection
	GlobalSection(ProjectConfigurationPlatforms) = postSolution
		{EBDDFA0F-9569-4D97-9729-B274197FDD70}.Debug|Any CPU.ActiveCfg = Debug|Any CPU
		{EBDDFA0F-9569-4D97-9729-B274197FDD70}.Debug|Any CPU.Build.0 = Debug|Any CPU
		{EBDDFA0F-9569-4D97-9729-B274197FDD70}.Release|Any CPU.ActiveCfg = Release|Any CPU
		{EBDDFA0F-9569-4D97-9729-B274197FDD70}.Release|Any CPU.Build.0 = Release|Any CPU
	EndGlobalSection
	GlobalSection(SolutionProperties) = preSolution
		HideSolutionNode = FALSE
	EndGlobalSection
	GlobalSection(ExtensibilityGlobals) = postSolution
		SolutionGuid = {D77C44CA-28C0-4A12-955B-8C204A42C1C4}
	EndGlobalSection
EndGlobal
